
Microsoft Visual Studio Solution File, Format Version 12.00
# Visual Studio 2013
VisualStudioVersion = 12.0.40629.0
MinimumVisualStudioVersion = 10.0.40219.1
Project("{FAE04EC0-301F-11D3-BF4B-00C04F79EFBC}") = "Angular4BusinessCard", "Angular4BusinessCard.csproj", "{CD9CCEEA-4080-4E22-B5FE-9BA343FAFA43}"
EndProject
Project("{FAE04EC0-301F-11D3-BF4B-00C04F79EFBC}") = "DataLayer", "..\DataLayer\DataLayer.csproj", "{EF8E6E5B-6C69-4527-96F4-5C38870E1F03}"
EndProject
Project("{FAE04EC0-301F-11D3-BF4B-00C04F79EFBC}") = "Domain", "Domain\Domain.csproj", "{2C678CC8-6586-4D79-A20E-0B6A6E5E744F}"
EndProject
Project("{FAE04EC0-301F-11D3-BF4B-00C04F79EFBC}") = "ServiceLayer", "..\ServiceLayer\ServiceLayer.csproj", "{808F177C-FF15-477D-9F6E-867973278409}"
EndProject
Project("{FAE04EC0-301F-11D3-BF4B-00C04F79EFBC}") = "Infrastructure", "..\Infrastructure\Infrastructure.csproj", "{D9F0BF0E-5927-4DB8-9E78-E99678185244}"
EndProject
Global
	GlobalSection(SolutionConfigurationPlatforms) = preSolution
		Debug|Any CPU = Debug|Any CPU
		Release|Any CPU = Release|Any CPU
	EndGlobalSection
	GlobalSection(ProjectConfigurationPlatforms) = postSolution
		{CD9CCEEA-4080-4E22-B5FE-9BA343FAFA43}.Debug|Any CPU.ActiveCfg = Debug|Any CPU
		{CD9CCEEA-4080-4E22-B5FE-9BA343FAFA43}.Debug|Any CPU.Build.0 = Debug|Any CPU
		{CD9CCEEA-4080-4E22-B5FE-9BA343FAFA43}.Release|Any CPU.ActiveCfg = Release|Any CPU
		{CD9CCEEA-4080-4E22-B5FE-9BA343FAFA43}.Release|Any CPU.Build.0 = Release|Any CPU
		{EF8E6E5B-6C69-4527-96F4-5C38870E1F03}.Debug|Any CPU.ActiveCfg = Debug|Any CPU
		{EF8E6E5B-6C69-4527-96F4-5C38870E1F03}.Debug|Any CPU.Build.0 = Debug|Any CPU
		{EF8E6E5B-6C69-4527-96F4-5C38870E1F03}.Release|Any CPU.ActiveCfg = Release|Any CPU
		{EF8E6E5B-6C69-4527-96F4-5C38870E1F03}.Release|Any CPU.Build.0 = Release|Any CPU
		{2C678CC8-6586-4D79-A20E-0B6A6E5E744F}.Debug|Any CPU.ActiveCfg = Debug|Any CPU
		{2C678CC8-6586-4D79-A20E-0B6A6E5E744F}.Debug|Any CPU.Build.0 = Debug|Any CPU
		{2C678CC8-6586-4D79-A20E-0B6A6E5E744F}.Release|Any CPU.ActiveCfg = Release|Any CPU
		{2C678CC8-6586-4D79-A20E-0B6A6E5E744F}.Release|Any CPU.Build.0 = Release|Any CPU
		{808F177C-FF15-477D-9F6E-867973278409}.Debug|Any CPU.ActiveCfg = Debug|Any CPU
		{808F177C-FF15-477D-9F6E-867973278409}.Debug|Any CPU.Build.0 = Debug|Any CPU
		{808F177C-FF15-477D-9F6E-867973278409}.Release|Any CPU.ActiveCfg = Release|Any CPU
		{808F177C-FF15-477D-9F6E-867973278409}.Release|Any CPU.Build.0 = Release|Any CPU
		{D9F0BF0E-5927-4DB8-9E78-E99678185244}.Debug|Any CPU.ActiveCfg = Debug|Any CPU
		{D9F0BF0E-5927-4DB8-9E78-E99678185244}.Debug|Any CPU.Build.0 = Debug|Any CPU
		{D9F0BF0E-5927-4DB8-9E78-E99678185244}.Release|Any CPU.ActiveCfg = Release|Any CPU
		{D9F0BF0E-5927-4DB8-9E78-E99678185244}.Release|Any CPU.Build.0 = Release|Any CPU
	EndGlobalSection
	GlobalSection(SolutionProperties) = preSolution
		HideSolutionNode = FALSE
	EndGlobalSection
EndGlobal
